Microsoft Visual Studio Solution File, Format Version 12.00
# Visual Studio Version 16
VisualStudioVersion = 16.0.29613.14
MinimumVisualStudioVersion = 10.0.40219.1
Project("{2150E333-8FDC-42A3-9474-1A3956D46DE8}") = "Strategies", "Strategies", "{D1985411-FE22-4D50-9CCF-D65A850E834C}"
EndProject
Project("{FAE04EC0-301F-11D3-BF4B-00C04F79EFBC}") = "SimpleMAStrategy", "Strategies\SimpleMAStrategy\SimpleMAStrategy.csproj", "{40363167-87CF-4433-B38B-22A678BCA0C4}"
EndProject
Global
	GlobalSection(SolutionConfigurationPlatforms) = preSolution
		Debug|Any CPU = Debug|Any CPU
		Release|Any CPU = Release|Any CPU
	EndGlobalSection
	GlobalSection(ProjectConfigurationPlatforms) = postSolution
		{40363167-87CF-4433-B38B-22A678BCA0C4}.Debug|Any CPU.ActiveCfg = Debug|Any CPU
		{40363167-87CF-4433-B38B-22A678BCA0C4}.Debug|Any CPU.Build.0 = Debug|Any CPU
		{40363167-87CF-4433-B38B-22A678BCA0C4}.Release|Any CPU.ActiveCfg = Release|Any CPU
		{40363167-87CF-4433-B38B-22A678BCA0C4}.Release|Any CPU.Build.0 = Release|Any CPU
	EndGlobalSection
	GlobalSection(SolutionProperties) = preSolution
		HideSolutionNode = FALSE
	EndGlobalSection
	GlobalSection(NestedProjects) = preSolution
		{40363167-87CF-4433-B38B-22A678BCA0C4} = {D1985411-FE22-4D50-9CCF-D65A850E834C}
	EndGlobalSection
	GlobalSection(ExtensibilityGlobals) = postSolution
		SolutionGuid = {6B622A21-1A5C-4982-B4D6-72F492386BC2}
	EndGlobalSection
EndGlobal 